
Microsoft Visual Studio Solution File, Format Version 12.00
# Visual Studio Version 17
VisualStudioVersion = 17.4.33122.133
MinimumVisualStudioVersion = 10.0.40219.1
Project("{FAE04EC0-301F-11D3-BF4B-00C04F79EFBC}") = "TareasMVC", "TareasMVC\TareasMVC.csproj", "{FC49ACE9-FAD6-4B9A-8FFF-D0C5BCA0F305}"
EndProject
Global
	GlobalSection(SolutionConfigurationPlatforms) = preSolution
		Debug|Any CPU = Debug|Any CPU
		Release|Any CPU = Release|Any CPU
	EndGlobalSection
	GlobalSection(ProjectConfigurationPlatforms) = postSolution
		{FC49ACE9-FAD6-4B9A-8FFF-D0C5BCA0F305}.Debug|Any CPU.ActiveCfg = Debug|Any CPU
		{FC49ACE9-FAD6-4B9A-8FFF-D0C5BCA0F305}.Debug|Any CPU.Build.0 = Debug|Any CPU
		{FC49ACE9-FAD6-4B9A-8FFF-D0C5BCA0F305}.Release|Any CPU.ActiveCfg = Release|Any CPU
		{FC49ACE9-FAD6-4B9A-8FFF-D0C5BCA0F305}.Release|Any CPU.Build.0 = Release|Any CPU
	EndGlobalSection
	GlobalSection(SolutionProperties) = preSolution
		HideSolutionNode = FALSE
	EndGlobalSection
	GlobalSection(ExtensibilityGlobals) = postSolution
		SolutionGuid = {C95A00BF-AE45-4827-9EAE-C6D08E15FFA3}
	EndGlobalSection
EndGlobal
